
Microsoft Visual Studio Solution File, Format Version 12.00
# Visual Studio Version 16
VisualStudioVersion = 16.0.29403.142
MinimumVisualStudioVersion = 10.0.40219.1
Project("{9A19103F-16F7-4668-BE54-9A1E7A4F7556}") = "Mabit.Services", "Mabit.Services\Mabit.Services.csproj", "{C90A25A1-1097-4087-8304-459311386BF5}"
EndProject
Project("{9A19103F-16F7-4668-BE54-9A1E7A4F7556}") = "Mabit.Models", "Mabit.Models\Mabit.Models.csproj", "{C22FC824-6E1F-4379-90BD-FE4D11DCE243}"
EndProject
Project("{2150E333-8FDC-42A3-9474-1A3956D46DE8}") = "UI", "UI", "{D9265175-56D8-4349-A72C-32635295F944}"
EndProject
Project("{9A19103F-16F7-4668-BE54-9A1E7A4F7556}") = "WebUI", "WebUI\WebUI.csproj", "{F1F6A88F-27E9-4C72-BAED-E4131FB91830}"
EndProject
Global
	GlobalSection(SolutionConfigurationPlatforms) = preSolution
		Debug|Any CPU = Debug|Any CPU
		Release|Any CPU = Release|Any CPU
	EndGlobalSection
	GlobalSection(ProjectConfigurationPlatforms) = postSolution
		{C90A25A1-1097-4087-8304-459311386BF5}.Debug|Any CPU.ActiveCfg = Debug|Any CPU
		{C90A25A1-1097-4087-8304-459311386BF5}.Debug|Any CPU.Build.0 = Debug|Any CPU
		{C90A25A1-1097-4087-8304-459311386BF5}.Release|Any CPU.ActiveCfg = Release|Any CPU
		{C90A25A1-1097-4087-8304-459311386BF5}.Release|Any CPU.Build.0 = Release|Any CPU
		{C22FC824-6E1F-4379-90BD-FE4D11DCE243}.Debug|Any CPU.ActiveCfg = Debug|Any CPU
		{C22FC824-6E1F-4379-90BD-FE4D11DCE243}.Debug|Any CPU.Build.0 = Debug|Any CPU
		{C22FC824-6E1F-4379-90BD-FE4D11DCE243}.Release|Any CPU.ActiveCfg = Release|Any CPU
		{C22FC824-6E1F-4379-90BD-FE4D11DCE243}.Release|Any CPU.Build.0 = Release|Any CPU
		{F1F6A88F-27E9-4C72-BAED-E4131FB91830}.Debug|Any CPU.ActiveCfg = Debug|Any CPU
		{F1F6A88F-27E9-4C72-BAED-E4131FB91830}.Debug|Any CPU.Build.0 = Debug|Any CPU
		{F1F6A88F-27E9-4C72-BAED-E4131FB91830}.Release|Any CPU.ActiveCfg = Release|Any CPU
		{F1F6A88F-27E9-4C72-BAED-E4131FB91830}.Release|Any CPU.Build.0 = Release|Any CPU
	EndGlobalSection
	GlobalSection(SolutionProperties) = preSolution
		HideSolutionNode = FALSE
	EndGlobalSection
	GlobalSection(NestedProjects) = preSolution
		{F1F6A88F-27E9-4C72-BAED-E4131FB91830} = {D9265175-56D8-4349-A72C-32635295F944}
	EndGlobalSection
	GlobalSection(ExtensibilityGlobals) = postSolution
		SolutionGuid = {A878E888-2AD5-47F4-99B6-2DE132DCADC9}
	EndGlobalSection
EndGlobal
